
Microsoft Visual Studio Solution File, Format Version 12.00
# Visual Studio Version 17
VisualStudioVersion = 17.13.35931.197 d17.13
MinimumVisualStudioVersion = 10.0.40219.1
Project("{FAE04EC0-301F-11D3-BF4B-00C04F79EFBC}") = "DataGridTestDemo", "DataGridTestDemo\DataGridTestDemo.csproj", "{9C994CC1-5C64-40FC-AE32-285457BCD2A6}"
EndProject
Global
	GlobalSection(SolutionConfigurationPlatforms) = preSolution
		Debug|Any CPU = Debug|Any CPU
		Release|Any CPU = Release|Any CPU
	EndGlobalSection
	GlobalSection(ProjectConfigurationPlatforms) = postSolution
		{9C994CC1-5C64-40FC-AE32-285457BCD2A6}.Debug|Any CPU.ActiveCfg = Debug|Any CPU
		{9C994CC1-5C64-40FC-AE32-285457BCD2A6}.Debug|Any CPU.Build.0 = Debug|Any CPU
		{9C994CC1-5C64-40FC-AE32-285457BCD2A6}.Release|Any CPU.ActiveCfg = Release|Any CPU
		{9C994CC1-5C64-40FC-AE32-285457BCD2A6}.Release|Any CPU.Build.0 = Release|Any CPU
	EndGlobalSection
	GlobalSection(SolutionProperties) = preSolution
		HideSolutionNode = FALSE
	EndGlobalSection
	GlobalSection(ExtensibilityGlobals) = postSolution
		SolutionGuid = {0FDACBA9-815B-44F9-B293-F441BE51418F}
	EndGlobalSection
EndGlobal
